
Microsoft Visual Studio Solution File, Format Version 12.00
# Visual Studio Version 16
VisualStudioVersion = 16.0.30621.155
MinimumVisualStudioVersion = 10.0.40219.1
Project("{9A19103F-16F7-4668-BE54-9A1E7A4F7556}") = "TritonBackend", "TritonBackend.csproj", "{B885AF19-27F6-4DED-AC19-F3C0D8D0F135}"
EndProject
Global
	GlobalSection(SolutionConfigurationPlatforms) = preSolution
		Debug|Any CPU = Debug|Any CPU
		Release|Any CPU = Release|Any CPU
	EndGlobalSection
	GlobalSection(ProjectConfigurationPlatforms) = postSolution
		{B885AF19-27F6-4DED-AC19-F3C0D8D0F135}.Debug|Any CPU.ActiveCfg = Debug|Any CPU
		{B885AF19-27F6-4DED-AC19-F3C0D8D0F135}.Debug|Any CPU.Build.0 = Debug|Any CPU
		{B885AF19-27F6-4DED-AC19-F3C0D8D0F135}.Release|Any CPU.ActiveCfg = Release|Any CPU
		{B885AF19-27F6-4DED-AC19-F3C0D8D0F135}.Release|Any CPU.Build.0 = Release|Any CPU
	EndGlobalSection
	GlobalSection(SolutionProperties) = preSolution
		HideSolutionNode = FALSE
	EndGlobalSection
	GlobalSection(ExtensibilityGlobals) = postSolution
		SolutionGuid = {FE5C3B51-3E17-4362-87A6-69CDA58A758D}
	EndGlobalSection
EndGlobal
